
Microsoft Visual Studio Solution File, Format Version 12.00
# Visual Studio 15
VisualStudioVersion = 15.0.26730.8
MinimumVisualStudioVersion = 10.0.40219.1
Project("{FAE04EC0-301F-11D3-BF4B-00C04F79EFBC}") = "DemoIntranet", "DemoIntranet\DemoIntranet.csproj", "{D72BD128-6E32-475E-B4DB-53691DE95F70}"
EndProject
Global
	GlobalSection(SolutionConfigurationPlatforms) = preSolution
		Debug|Any CPU = Debug|Any CPU
		Release|Any CPU = Release|Any CPU
	EndGlobalSection
	GlobalSection(ProjectConfigurationPlatforms) = postSolution
		{D72BD128-6E32-475E-B4DB-53691DE95F70}.Debug|Any CPU.ActiveCfg = Debug|Any CPU
		{D72BD128-6E32-475E-B4DB-53691DE95F70}.Debug|Any CPU.Build.0 = Debug|Any CPU
		{D72BD128-6E32-475E-B4DB-53691DE95F70}.Release|Any CPU.ActiveCfg = Release|Any CPU
		{D72BD128-6E32-475E-B4DB-53691DE95F70}.Release|Any CPU.Build.0 = Release|Any CPU
	EndGlobalSection
	GlobalSection(SolutionProperties) = preSolution
		HideSolutionNode = FALSE
	EndGlobalSection
	GlobalSection(ExtensibilityGlobals) = postSolution
		SolutionGuid = {7C15B06C-9758-4AB6-AD49-412BF36F2A4A}
	EndGlobalSection
EndGlobal
