
Microsoft Visual Studio Solution File, Format Version 12.00
# Visual Studio 15
VisualStudioVersion = 15.0.26730.8
MinimumVisualStudioVersion = 10.0.40219.1
Project("{FAE04EC0-301F-11D3-BF4B-00C04F79EFBC}") = "WpfApp1", "WpfApp1\WpfApp1.csproj", "{661215A3-98A5-41F9-9C2E-DDBA54409B60}"
EndProject
Global
	GlobalSection(SolutionConfigurationPlatforms) = preSolution
		Debug|Any CPU = Debug|Any CPU
		Release|Any CPU = Release|Any CPU
	EndGlobalSection
	GlobalSection(ProjectConfigurationPlatforms) = postSolution
		{661215A3-98A5-41F9-9C2E-DDBA54409B60}.Debug|Any CPU.ActiveCfg = Debug|Any CPU
		{661215A3-98A5-41F9-9C2E-DDBA54409B60}.Debug|Any CPU.Build.0 = Debug|Any CPU
		{661215A3-98A5-41F9-9C2E-DDBA54409B60}.Release|Any CPU.ActiveCfg = Release|Any CPU
		{661215A3-98A5-41F9-9C2E-DDBA54409B60}.Release|Any CPU.Build.0 = Release|Any CPU
	EndGlobalSection
	GlobalSection(SolutionProperties) = preSolution
		HideSolutionNode = FALSE
	EndGlobalSection
	GlobalSection(ExtensibilityGlobals) = postSolution
		SolutionGuid = {D1FC20CE-BBBB-4A32-8105-B3CA00AD41EB}
	EndGlobalSection
EndGlobal
