
Microsoft Visual Studio Solution File, Format Version 12.00
# Visual Studio 15
VisualStudioVersion = 15.0.26730.8
MinimumVisualStudioVersion = 10.0.40219.1
Project("{FAE04EC0-301F-11D3-BF4B-00C04F79EFBC}") = "DeliveryOnline", "DeliveryOnline\DeliveryOnline.csproj", "{BAA0A527-48EE-4ED1-B3AB-F8748A293616}"
EndProject
Project("{FAE04EC0-301F-11D3-BF4B-00C04F79EFBC}") = "DeliveryOnline.Tests", "DeliveryOnline.Tests\DeliveryOnline.Tests.csproj", "{87A55BE3-D3D4-4B90-8A8E-4B530E41C09B}"
EndProject
Global
	GlobalSection(SolutionConfigurationPlatforms) = preSolution
		Debug|Any CPU = Debug|Any CPU
		Release|Any CPU = Release|Any CPU
	EndGlobalSection
	GlobalSection(ProjectConfigurationPlatforms) = postSolution
		{BAA0A527-48EE-4ED1-B3AB-F8748A293616}.Debug|Any CPU.ActiveCfg = Debug|Any CPU
		{BAA0A527-48EE-4ED1-B3AB-F8748A293616}.Debug|Any CPU.Build.0 = Debug|Any CPU
		{BAA0A527-48EE-4ED1-B3AB-F8748A293616}.Release|Any CPU.ActiveCfg = Release|Any CPU
		{BAA0A527-48EE-4ED1-B3AB-F8748A293616}.Release|Any CPU.Build.0 = Release|Any CPU
		{87A55BE3-D3D4-4B90-8A8E-4B530E41C09B}.Debug|Any CPU.ActiveCfg = Debug|Any CPU
		{87A55BE3-D3D4-4B90-8A8E-4B530E41C09B}.Debug|Any CPU.Build.0 = Debug|Any CPU
		{87A55BE3-D3D4-4B90-8A8E-4B530E41C09B}.Release|Any CPU.ActiveCfg = Release|Any CPU
		{87A55BE3-D3D4-4B90-8A8E-4B530E41C09B}.Release|Any CPU.Build.0 = Release|Any CPU
	EndGlobalSection
	GlobalSection(SolutionProperties) = preSolution
		HideSolutionNode = FALSE
	EndGlobalSection
	GlobalSection(ExtensibilityGlobals) = postSolution
		SolutionGuid = {32A90E0C-E5F8-40D3-9A55-72CC3954CBA1}
	EndGlobalSection
EndGlobal
